<?xml version="1.0" encoding="utf-8"?>
<Project ToolsVersion="4.0" xmlns="http://schemas.microsoft.com/developer/msbuild/2003">
  <ItemGroup>
    <Filter Include="Orion">
      <UniqueIdentifier>{8CE0D40D-F8F4-FCBE-C176-A01E2D4AF9EF}</UniqueIdentifier>
    </Filter>
  </ItemGroup>
  <ItemGroup>
    <ClInclude Include="src\Orion.h" />
    <ClInclude Include="src\Orion\Application.h">
      <Filter>Orion</Filter>
    </ClInclude>
    <ClInclude Include="src\Orion\Core.h">
      <Filter>Orion</Filter>
    </ClInclude>
    <ClInclude Include="src\Orion\EntryPoint.h">
      <Filter>Orion</Filter>
    </ClInclude>
    <ClInclude Include="src\Orion\Log.h">
      <Filter>Orion</Filter>
    </ClInclude>
    <ClInclude Include="src\Orion\Events\ApplicationEvent.h" />
    <ClInclude Include="src\Orion\Events\Event.h" />
    <ClInclude Include="src\Orion\Events\KeyEvent.h" />
    <ClInclude Include="src\Orion\Events\MouseEvent.h" />
  </ItemGroup>
  <ItemGroup>
    <ClCompile Include="src\Orion\Application.cpp">
      <Filter>Orion</Filter>
    </ClCompile>
    <ClCompile Include="src\Orion\Log.cpp">
      <Filter>Orion</Filter>
    </ClCompile>
  </ItemGroup>
</Project>